
Microsoft Visual Studio Solution File, Format Version 12.00
# Visual Studio 14
VisualStudioVersion = 14.0.25123.0
MinimumVisualStudioVersion = 10.0.40219.1
Project("{FAE04EC0-301F-11D3-BF4B-00C04F79EFBC}") = "NTestController", "NTestController\NTestController.csproj", "{1E2BD695-E014-4D56-9147-9C00BABD8216}"
EndProject
Project("{FAE04EC0-301F-11D3-BF4B-00C04F79EFBC}") = "NUnit-Reader", "Plugins\NUnit-Reader\NUnit-Reader.csproj", "{759E5046-6F57-48A0-A55C-DA296F946D08}"
EndProject
Project("{FAE04EC0-301F-11D3-BF4B-00C04F79EFBC}") = "Logger", "Logger\Logger.csproj", "{87A13F32-F014-4F67-BCD3-7CAFA80A27CD}"
EndProject
Project("{FAE04EC0-301F-11D3-BF4B-00C04F79EFBC}") = "Utilities", "Utilities\Utilities.csproj", "{FA9DC35C-2A8B-4AD6-B961-A2E6EF1F6E4A}"
EndProject
Project("{FAE04EC0-301F-11D3-BF4B-00C04F79EFBC}") = "NullPlugin", "NullPlugin\NullPlugin.csproj", "{B547D38A-75A1-43C5-9D6A-75FB1F4A5039}"
EndProject
Project("{2150E333-8FDC-42A3-9474-1A3956D46DE8}") = "Tests", "Tests", "{26D0C4B3-0F49-4A1F-87B4-994B9E695801}"
	ProjectSection(SolutionItems) = preProject
		Tests\NUnit-Input-SAMPLE.csv = Tests\NUnit-Input-SAMPLE.csv
	EndProjectSection
EndProject
Project("{FAE04EC0-301F-11D3-BF4B-00C04F79EFBC}") = "LoggerTests", "Tests\LoggerTests\LoggerTests.csproj", "{3609C77A-0949-4765-9632-EB16651A87DA}"
EndProject
Project("{FAE04EC0-301F-11D3-BF4B-00C04F79EFBC}") = "NTestControllerTests", "Tests\NTestControllerTests\NTestControllerTests.csproj", "{B34AC523-6DC3-4D5B-87C2-66BB939ECC54}"
EndProject
Project("{FAE04EC0-301F-11D3-BF4B-00C04F79EFBC}") = "UtilitiesTests", "Tests\UtilitiesTests\UtilitiesTests.csproj", "{5B54999B-54F8-49AF-A766-33765AD3DF4D}"
EndProject
Project("{FAE04EC0-301F-11D3-BF4B-00C04F79EFBC}") = "NUnit-ReaderTests", "Tests\NUnit-ReaderTests\NUnit-ReaderTests.csproj", "{72BC56C5-471E-44D2-BD14-6F81F3F083B5}"
EndProject
Project("{2150E333-8FDC-42A3-9474-1A3956D46DE8}") = "Solution Items", "Solution Items", "{6A3927D8-6B0B-44D6-862E-DBFCA5F7D928}"
	ProjectSection(SolutionItems) = preProject
		NTestController-SAMPLE.xml = NTestController-SAMPLE.xml
	EndProjectSection
EndProject
Project("{FAE04EC0-301F-11D3-BF4B-00C04F79EFBC}") = "NUnit-Executor", "NUnit-Executor\NUnit-Executor.csproj", "{C66476DF-DABB-4087-84B6-951371A69296}"
EndProject
Project("{FAE04EC0-301F-11D3-BF4B-00C04F79EFBC}") = "NUnit-Reporter", "NUnit-Reporter2\NUnit-Reporter.csproj", "{F42D8164-9021-45B5-B053-43F21A8BB5E6}"
EndProject
Global
	GlobalSection(SolutionConfigurationPlatforms) = preSolution
		Debug|Any CPU = Debug|Any CPU
		Release|Any CPU = Release|Any CPU
	EndGlobalSection
	GlobalSection(ProjectConfigurationPlatforms) = postSolution
		{1E2BD695-E014-4D56-9147-9C00BABD8216}.Debug|Any CPU.ActiveCfg = Debug|Any CPU
		{1E2BD695-E014-4D56-9147-9C00BABD8216}.Debug|Any CPU.Build.0 = Debug|Any CPU
		{1E2BD695-E014-4D56-9147-9C00BABD8216}.Release|Any CPU.ActiveCfg = Release|Any CPU
		{1E2BD695-E014-4D56-9147-9C00BABD8216}.Release|Any CPU.Build.0 = Release|Any CPU
		{759E5046-6F57-48A0-A55C-DA296F946D08}.Debug|Any CPU.ActiveCfg = Debug|Any CPU
		{759E5046-6F57-48A0-A55C-DA296F946D08}.Debug|Any CPU.Build.0 = Debug|Any CPU
		{759E5046-6F57-48A0-A55C-DA296F946D08}.Release|Any CPU.ActiveCfg = Release|Any CPU
		{759E5046-6F57-48A0-A55C-DA296F946D08}.Release|Any CPU.Build.0 = Release|Any CPU
		{87A13F32-F014-4F67-BCD3-7CAFA80A27CD}.Debug|Any CPU.ActiveCfg = Debug|Any CPU
		{87A13F32-F014-4F67-BCD3-7CAFA80A27CD}.Debug|Any CPU.Build.0 = Debug|Any CPU
		{87A13F32-F014-4F67-BCD3-7CAFA80A27CD}.Release|Any CPU.ActiveCfg = Release|Any CPU
		{87A13F32-F014-4F67-BCD3-7CAFA80A27CD}.Release|Any CPU.Build.0 = Release|Any CPU
		{FA9DC35C-2A8B-4AD6-B961-A2E6EF1F6E4A}.Debug|Any CPU.ActiveCfg = Debug|Any CPU
		{FA9DC35C-2A8B-4AD6-B961-A2E6EF1F6E4A}.Debug|Any CPU.Build.0 = Debug|Any CPU
		{FA9DC35C-2A8B-4AD6-B961-A2E6EF1F6E4A}.Release|Any CPU.ActiveCfg = Release|Any CPU
		{FA9DC35C-2A8B-4AD6-B961-A2E6EF1F6E4A}.Release|Any CPU.Build.0 = Release|Any CPU
		{B547D38A-75A1-43C5-9D6A-75FB1F4A5039}.Debug|Any CPU.ActiveCfg = Debug|Any CPU
		{B547D38A-75A1-43C5-9D6A-75FB1F4A5039}.Debug|Any CPU.Build.0 = Debug|Any CPU
		{B547D38A-75A1-43C5-9D6A-75FB1F4A5039}.Release|Any CPU.ActiveCfg = Release|Any CPU
		{B547D38A-75A1-43C5-9D6A-75FB1F4A5039}.Release|Any CPU.Build.0 = Release|Any CPU
		{3609C77A-0949-4765-9632-EB16651A87DA}.Debug|Any CPU.ActiveCfg = Debug|Any CPU
		{3609C77A-0949-4765-9632-EB16651A87DA}.Debug|Any CPU.Build.0 = Debug|Any CPU
		{3609C77A-0949-4765-9632-EB16651A87DA}.Release|Any CPU.ActiveCfg = Release|Any CPU
		{3609C77A-0949-4765-9632-EB16651A87DA}.Release|Any CPU.Build.0 = Release|Any CPU
		{B34AC523-6DC3-4D5B-87C2-66BB939ECC54}.Debug|Any CPU.ActiveCfg = Debug|Any CPU
		{B34AC523-6DC3-4D5B-87C2-66BB939ECC54}.Debug|Any CPU.Build.0 = Debug|Any CPU
		{B34AC523-6DC3-4D5B-87C2-66BB939ECC54}.Release|Any CPU.ActiveCfg = Release|Any CPU
		{B34AC523-6DC3-4D5B-87C2-66BB939ECC54}.Release|Any CPU.Build.0 = Release|Any CPU
		{5B54999B-54F8-49AF-A766-33765AD3DF4D}.Debug|Any CPU.ActiveCfg = Debug|Any CPU
		{5B54999B-54F8-49AF-A766-33765AD3DF4D}.Debug|Any CPU.Build.0 = Debug|Any CPU
		{5B54999B-54F8-49AF-A766-33765AD3DF4D}.Release|Any CPU.ActiveCfg = Release|Any CPU
		{5B54999B-54F8-49AF-A766-33765AD3DF4D}.Release|Any CPU.Build.0 = Release|Any CPU
		{72BC56C5-471E-44D2-BD14-6F81F3F083B5}.Debug|Any CPU.ActiveCfg = Debug|Any CPU
		{72BC56C5-471E-44D2-BD14-6F81F3F083B5}.Debug|Any CPU.Build.0 = Debug|Any CPU
		{72BC56C5-471E-44D2-BD14-6F81F3F083B5}.Release|Any CPU.ActiveCfg = Release|Any CPU
		{72BC56C5-471E-44D2-BD14-6F81F3F083B5}.Release|Any CPU.Build.0 = Release|Any CPU
		{C66476DF-DABB-4087-84B6-951371A69296}.Debug|Any CPU.ActiveCfg = Debug|Any CPU
		{C66476DF-DABB-4087-84B6-951371A69296}.Debug|Any CPU.Build.0 = Debug|Any CPU
		{C66476DF-DABB-4087-84B6-951371A69296}.Release|Any CPU.ActiveCfg = Release|Any CPU
		{C66476DF-DABB-4087-84B6-951371A69296}.Release|Any CPU.Build.0 = Release|Any CPU
		{F42D8164-9021-45B5-B053-43F21A8BB5E6}.Debug|Any CPU.ActiveCfg = Debug|Any CPU
		{F42D8164-9021-45B5-B053-43F21A8BB5E6}.Debug|Any CPU.Build.0 = Debug|Any CPU
		{F42D8164-9021-45B5-B053-43F21A8BB5E6}.Release|Any CPU.ActiveCfg = Release|Any CPU
		{F42D8164-9021-45B5-B053-43F21A8BB5E6}.Release|Any CPU.Build.0 = Release|Any CPU
	EndGlobalSection
	GlobalSection(SolutionProperties) = preSolution
		HideSolutionNode = FALSE
	EndGlobalSection
	GlobalSection(NestedProjects) = preSolution
		{3609C77A-0949-4765-9632-EB16651A87DA} = {26D0C4B3-0F49-4A1F-87B4-994B9E695801}
		{B34AC523-6DC3-4D5B-87C2-66BB939ECC54} = {26D0C4B3-0F49-4A1F-87B4-994B9E695801}
		{5B54999B-54F8-49AF-A766-33765AD3DF4D} = {26D0C4B3-0F49-4A1F-87B4-994B9E695801}
		{72BC56C5-471E-44D2-BD14-6F81F3F083B5} = {26D0C4B3-0F49-4A1F-87B4-994B9E695801}
	EndGlobalSection
	GlobalSection(MonoDevelopProperties) = preSolution
		Policies = $0
		$0.DotNetNamingPolicy = $1
		$1.DirectoryNamespaceAssociation = None
		$1.ResourceNamePolicy = FileFormatDefault
		$0.TextStylePolicy = $3
		$2.FileWidth = 120
		$2.TabsToSpaces = False
		$2.inheritsSet = VisualStudio
		$2.inheritsScope = text/plain
		$3.inheritsSet = null
		$3.scope = text/x-csharp
		$0.CSharpFormattingPolicy = $4
		$4.IndentSwitchBody = True
		$4.AnonymousMethodBraceStyle = NextLine
		$4.PropertyGetBraceStyle = NextLine
		$4.PropertySetBraceStyle = NextLine
		$4.EventAddBraceStyle = NextLine
		$4.EventRemoveBraceStyle = NextLine
		$4.StatementBraceStyle = NextLine
		$4.ElseNewLinePlacement = NewLine
		$4.CatchNewLinePlacement = NewLine
		$4.FinallyNewLinePlacement = NewLine
		$4.BeforeMethodDeclarationParentheses = False
		$4.BeforeMethodCallParentheses = False
		$4.BeforeConstructorDeclarationParentheses = False
		$4.BeforeIndexerDeclarationBracket = False
		$4.BeforeDelegateDeclarationParentheses = False
		$4.AfterDelegateDeclarationParameterComma = True
		$4.NewParentheses = False
		$4.CatchParentheses = False
		$4.LockParentheses = False
		$4.UsingParentheses = False
		$4.SpacesBeforeBrackets = False
		$4.inheritsSet = Mono
		$4.inheritsScope = text/x-csharp
		$4.scope = text/x-csharp
	EndGlobalSection
EndGlobal
